
Microsoft Visual Studio Solution File, Format Version 12.00
# Visual Studio Version 17
VisualStudioVersion = 17.0.31903.59
MinimumVisualStudioVersion = 10.0.40219.1
Project("{FAE04EC0-301F-11D3-BF4B-00C04F79EFBC}") = "Client", "Client\Client.csproj", "{0CC45AF6-4C5F-43E0-9E88-B0AD2F473D73}"
EndProject
Project("{FAE04EC0-301F-11D3-BF4B-00C04F79EFBC}") = "Functions101", "Functions101\Functions101.csproj", "{8D1E1594-95A4-47DC-8E1D-138C4D89BAF9}"
EndProject
Global
	GlobalSection(SolutionConfigurationPlatforms) = preSolution
		Debug|Any CPU = Debug|Any CPU
		Release|Any CPU = Release|Any CPU
	EndGlobalSection
	GlobalSection(SolutionProperties) = preSolution
		HideSolutionNode = FALSE
	EndGlobalSection
	GlobalSection(ProjectConfigurationPlatforms) = postSolution
		{0CC45AF6-4C5F-43E0-9E88-B0AD2F473D73}.Debug|Any CPU.ActiveCfg = Debug|Any CPU
		{0CC45AF6-4C5F-43E0-9E88-B0AD2F473D73}.Debug|Any CPU.Build.0 = Debug|Any CPU
		{0CC45AF6-4C5F-43E0-9E88-B0AD2F473D73}.Release|Any CPU.ActiveCfg = Release|Any CPU
		{0CC45AF6-4C5F-43E0-9E88-B0AD2F473D73}.Release|Any CPU.Build.0 = Release|Any CPU
		{8D1E1594-95A4-47DC-8E1D-138C4D89BAF9}.Debug|Any CPU.ActiveCfg = Debug|Any CPU
		{8D1E1594-95A4-47DC-8E1D-138C4D89BAF9}.Debug|Any CPU.Build.0 = Debug|Any CPU
		{8D1E1594-95A4-47DC-8E1D-138C4D89BAF9}.Release|Any CPU.ActiveCfg = Release|Any CPU
		{8D1E1594-95A4-47DC-8E1D-138C4D89BAF9}.Release|Any CPU.Build.0 = Release|Any CPU
	EndGlobalSection
EndGlobal
